
Microsoft Visual Studio Solution File, Format Version 12.00
# Visual Studio Version 16
VisualStudioVersion = 16.0.28803.202
MinimumVisualStudioVersion = 10.0.40219.1
Project("{FAE04EC0-301F-11D3-BF4B-00C04F79EFBC}") = "HuaWeiCloudRedisDemo", "HuaWeiCloudRedisDemo\HuaWeiCloudRedisDemo.csproj", "{D4C46DDB-3F7F-45D5-B7F8-232BA93BBDE2}"
EndProject
Global
	GlobalSection(SolutionConfigurationPlatforms) = preSolution
		Debug|Any CPU = Debug|Any CPU
		Release|Any CPU = Release|Any CPU
	EndGlobalSection
	GlobalSection(ProjectConfigurationPlatforms) = postSolution
		{D4C46DDB-3F7F-45D5-B7F8-232BA93BBDE2}.Debug|Any CPU.ActiveCfg = Debug|Any CPU
		{D4C46DDB-3F7F-45D5-B7F8-232BA93BBDE2}.Debug|Any CPU.Build.0 = Debug|Any CPU
		{D4C46DDB-3F7F-45D5-B7F8-232BA93BBDE2}.Release|Any CPU.ActiveCfg = Release|Any CPU
		{D4C46DDB-3F7F-45D5-B7F8-232BA93BBDE2}.Release|Any CPU.Build.0 = Release|Any CPU
	EndGlobalSection
	GlobalSection(SolutionProperties) = preSolution
		HideSolutionNode = FALSE
	EndGlobalSection
	GlobalSection(ExtensibilityGlobals) = postSolution
		SolutionGuid = {122888A9-E9F8-417D-990F-1D1B4E1F171A}
	EndGlobalSection
EndGlobal
